
Microsoft Visual Studio Solution File, Format Version 12.00
# Visual Studio Version 17
VisualStudioVersion = 17.8.34330.188
MinimumVisualStudioVersion = 10.0.40219.1
Project("{9A19103F-16F7-4668-BE54-9A1E7A4F7556}") = "DalFacade", "DalFacade\DalFacade.csproj", "{405DB668-6576-43DC-9038-CA332B248874}"
EndProject
Project("{9A19103F-16F7-4668-BE54-9A1E7A4F7556}") = "DalList", "DalList\DalList.csproj", "{7271197E-5AB7-4ECB-AA47-0FD60005E52C}"
EndProject
Project("{9A19103F-16F7-4668-BE54-9A1E7A4F7556}") = "DalTest", "DalTest\DalTest.csproj", "{7A564751-1DAA-418D-8C7C-CD2357BEA710}"
EndProject
Project("{9A19103F-16F7-4668-BE54-9A1E7A4F7556}") = "DalXml", "DalXml\DalXml.csproj", "{6DF3168B-BB52-44DB-8CFC-3781FA72808A}"
EndProject
Project("{2150E333-8FDC-42A3-9474-1A3956D46DE8}") = "xml", "xml", "{6384F628-3B8E-4E1E-BA39-9E54EACB7F01}"
	ProjectSection(SolutionItems) = preProject
		dal-config.xml = dal-config.xml
		xml\data-config.xml = xml\data-config.xml
		xml\dependencies.xml = xml\dependencies.xml
		xml\engineers.xml = xml\engineers.xml
		xml\tasks.xml = xml\tasks.xml
	EndProjectSection
EndProject
Global
	GlobalSection(SolutionConfigurationPlatforms) = preSolution
		Debug|Any CPU = Debug|Any CPU
		Release|Any CPU = Release|Any CPU
	EndGlobalSection
	GlobalSection(ProjectConfigurationPlatforms) = postSolution
		{405DB668-6576-43DC-9038-CA332B248874}.Debug|Any CPU.ActiveCfg = Debug|Any CPU
		{405DB668-6576-43DC-9038-CA332B248874}.Debug|Any CPU.Build.0 = Debug|Any CPU
		{405DB668-6576-43DC-9038-CA332B248874}.Release|Any CPU.ActiveCfg = Release|Any CPU
		{405DB668-6576-43DC-9038-CA332B248874}.Release|Any CPU.Build.0 = Release|Any CPU
		{7271197E-5AB7-4ECB-AA47-0FD60005E52C}.Debug|Any CPU.ActiveCfg = Debug|Any CPU
		{7271197E-5AB7-4ECB-AA47-0FD60005E52C}.Debug|Any CPU.Build.0 = Debug|Any CPU
		{7271197E-5AB7-4ECB-AA47-0FD60005E52C}.Release|Any CPU.ActiveCfg = Release|Any CPU
		{7271197E-5AB7-4ECB-AA47-0FD60005E52C}.Release|Any CPU.Build.0 = Release|Any CPU
		{7A564751-1DAA-418D-8C7C-CD2357BEA710}.Debug|Any CPU.ActiveCfg = Debug|Any CPU
		{7A564751-1DAA-418D-8C7C-CD2357BEA710}.Debug|Any CPU.Build.0 = Debug|Any CPU
		{7A564751-1DAA-418D-8C7C-CD2357BEA710}.Release|Any CPU.ActiveCfg = Release|Any CPU
		{7A564751-1DAA-418D-8C7C-CD2357BEA710}.Release|Any CPU.Build.0 = Release|Any CPU
		{6DF3168B-BB52-44DB-8CFC-3781FA72808A}.Debug|Any CPU.ActiveCfg = Debug|Any CPU
		{6DF3168B-BB52-44DB-8CFC-3781FA72808A}.Debug|Any CPU.Build.0 = Debug|Any CPU
		{6DF3168B-BB52-44DB-8CFC-3781FA72808A}.Release|Any CPU.ActiveCfg = Release|Any CPU
		{6DF3168B-BB52-44DB-8CFC-3781FA72808A}.Release|Any CPU.Build.0 = Release|Any CPU
	EndGlobalSection
	GlobalSection(SolutionProperties) = preSolution
		HideSolutionNode = FALSE
	EndGlobalSection
	GlobalSection(ExtensibilityGlobals) = postSolution
		SolutionGuid = {86C80DA7-ECCF-4BDB-842A-0C8ECAFB56A1}
	EndGlobalSection
EndGlobal
